
Microsoft Visual Studio Solution File, Format Version 12.00
# Visual Studio Version 17
VisualStudioVersion = 17.9.34407.89
MinimumVisualStudioVersion = 10.0.40219.1
Project("{FAE04EC0-301F-11D3-BF4B-00C04F79EFBC}") = "StaticConstructor_Constructor", "StaticConstructor_Constructor\StaticConstructor_Constructor.csproj", "{69DE11B9-B42F-49A2-A02E-5B42D051F27D}"
EndProject
Global
	GlobalSection(SolutionConfigurationPlatforms) = preSolution
		Debug|Any CPU = Debug|Any CPU
		Release|Any CPU = Release|Any CPU
	EndGlobalSection
	GlobalSection(ProjectConfigurationPlatforms) = postSolution
		{69DE11B9-B42F-49A2-A02E-5B42D051F27D}.Debug|Any CPU.ActiveCfg = Debug|Any CPU
		{69DE11B9-B42F-49A2-A02E-5B42D051F27D}.Debug|Any CPU.Build.0 = Debug|Any CPU
		{69DE11B9-B42F-49A2-A02E-5B42D051F27D}.Release|Any CPU.ActiveCfg = Release|Any CPU
		{69DE11B9-B42F-49A2-A02E-5B42D051F27D}.Release|Any CPU.Build.0 = Release|Any CPU
	EndGlobalSection
	GlobalSection(SolutionProperties) = preSolution
		HideSolutionNode = FALSE
	EndGlobalSection
	GlobalSection(ExtensibilityGlobals) = postSolution
		SolutionGuid = {13F931B3-3E17-49D1-9985-29342CA4E6AA}
	EndGlobalSection
EndGlobal
