
Microsoft Visual Studio Solution File, Format Version 12.00
# Visual Studio Version 17
VisualStudioVersion = 17.9.34407.89
MinimumVisualStudioVersion = 10.0.40219.1
Project("{FAE04EC0-301F-11D3-BF4B-00C04F79EFBC}") = "Encapsulation_Examples", "Encapsulation_Examples\Encapsulation_Examples.csproj", "{BC30B980-6C7C-447E-9382-5084CB89A8FE}"
EndProject
Global
	GlobalSection(SolutionConfigurationPlatforms) = preSolution
		Debug|Any CPU = Debug|Any CPU
		Release|Any CPU = Release|Any CPU
	EndGlobalSection
	GlobalSection(ProjectConfigurationPlatforms) = postSolution
		{BC30B980-6C7C-447E-9382-5084CB89A8FE}.Debug|Any CPU.ActiveCfg = Debug|Any CPU
		{BC30B980-6C7C-447E-9382-5084CB89A8FE}.Debug|Any CPU.Build.0 = Debug|Any CPU
		{BC30B980-6C7C-447E-9382-5084CB89A8FE}.Release|Any CPU.ActiveCfg = Release|Any CPU
		{BC30B980-6C7C-447E-9382-5084CB89A8FE}.Release|Any CPU.Build.0 = Release|Any CPU
	EndGlobalSection
	GlobalSection(SolutionProperties) = preSolution
		HideSolutionNode = FALSE
	EndGlobalSection
	GlobalSection(ExtensibilityGlobals) = postSolution
		SolutionGuid = {EDAB3AC4-D487-4928-BC56-DECB6D4BB696}
	EndGlobalSection
EndGlobal
